// !$*UTF8*$!
{
	archiveVersion = 1;
	classes = {
	};
	objectVersion = 46;
	objects = {

/* Begin PBXBuildFile section */
		43E705701CF5EB9F003E4756 /* main.m in Sources */ = {isa = PBXBuildFile; fileRef = 43E7056F1CF5EB9F003E4756 /* main.m */; };
		43E705731CF5EB9F003E4756 /* AppDelegate.m in Sources */ = {isa = PBXBuildFile; fileRef = 43E705721CF5EB9F003E4756 /* AppDelegate.m */; };
		43E705761CF5EB9F003E4756 /* ViewController.m in Sources */ = {isa = PBXBuildFile; fileRef = 43E705751CF5EB9F003E4756 /* ViewController.m */; };
		43E705791CF5EB9F003E4756 /* Main.storyboard in Resources */ = {isa = PBXBuildFile; fileRef = 43E705771CF5EB9F003E4756 /* Main.storyboard */; };
		43E7057B1CF5EB9F003E4756 /* Assets.xcassets in Resources */ = {isa = PBXBuildFile; fileRef = 43E7057A1CF5EB9F003E4756 /* Assets.xcassets */; };
		43E7057E1CF5EB9F003E4756 /* LaunchScreen.storyboard in Resources */ = {isa = PBXBuildFile; fileRef = 43E7057C1CF5EB9F003E4756 /* LaunchScreen.storyboard */; };
		C6DE7EF51CF5EEE700BF493A /* ShoppingList.m in Sources */ = {isa = PBXBuildFile; fileRef = C6DE7EF41CF5EEE700BF493A /* ShoppingList.m */; };
/* End PBXBuildFile section */

/* Begin PBXFileReference section */
		43E7056B1CF5EB9F003E4756 /* KornerstoneIO.app */ = {isa = PBXFileReference; explicitFileType = wrapper.application; includeInIndex = 0; path = KornerstoneIO.app; sourceTree = BUILT_PRODUCTS_DIR; };
		43E7056F1CF5EB9F003E4756 /* main.m */ = {isa = PBXFileReference; lastKnownFileType = sourcecode.c.objc; path = main.m; sourceTree = "<group>"; };
		43E705711CF5EB9F003E4756 /* AppDelegate.h */ = {isa = PBXFileReference; lastKnownFileType = sourcecode.c.h; path = AppDelegate.h; sourceTree = "<group>"; };
		43E705721CF5EB9F003E4756 /* AppDelegate.m */ = {isa = PBXFileReference; lastKnownFileType = sourcecode.c.objc; path = AppDelegate.m; sourceTree = "<group>"; };
		43E705741CF5EB9F003E4756 /* ViewController.h */ = {isa = PBXFileReference; lastKnownFileType = sourcecode.c.h; path = ViewController.h; sourceTree = "<group>"; };
		43E705751CF5EB9F003E4756 /* ViewController.m */ = {isa = PBXFileReference; lastKnownFileType = sourcecode.c.objc; path = ViewController.m; sourceTree = "<group>"; };
		43E705781CF5EB9F003E4756 /* Base */ = {isa = PBXFileReference; lastKnownFileType = file.storyboard; name = Base; path = Base.lproj/Main.storyboard; sourceTree = "<group>"; };
		43E7057A1CF5EB9F003E4756 /* Assets.xcassets */ = {isa = PBXFileReference; lastKnownFileType = folder.assetcatalog; path = Assets.xcassets; sourceTree = "<group>"; };
		43E7057D1CF5EB9F003E4756 /* Base */ = {isa = PBXFileReference; lastKnownFileType = file.storyboard; name = Base; path = Base.lproj/LaunchScreen.storyboard; sourceTree = "<group>"; };
		43E7057F1CF5EB9F003E4756 /* Info.plist */ = {isa = PBXFileReference; lastKnownFileType = text.plist.xml; path = Info.plist; sourceTree = "<group>"; };
		C6DE7EF31CF5EEE700BF493A /* ShoppingList.h */ = {isa = PBXFileReference; fileEncoding = 4; lastKnownFileType = sourcecode.c.h; path = ShoppingList.h; sourceTree = "<group>"; };
		C6DE7EF41CF5EEE700BF493A /* ShoppingList.m */ = {isa = PBXFileReference; fileEncoding = 4; lastKnownFileType = sourcecode.c.objc; path = ShoppingList.m; sourceTree = "<group>"; };
/* End PBXFileReference section */

/* Begin PBXFrameworksBuildPhase section */
		43E705681CF5EB9F003E4756 /* Frameworks */ = {
			isa = PBXFrameworksBuildPhase;
			buildActionMask = 2147483647;
			files = (
			);
			runOnlyForDeploymentPostprocessing = 0;
		};
/* End PBXFrameworksBuildPhase section */

/* Begin PBXGroup section */
		43E705621CF5EB9F003E4756 = {
			isa = PBXGroup;
			children = (
				43E7056D1CF5EB9F003E4756 /* KornerstoneIO */,
				43E7056C1CF5EB9F003E4756 /* Products */,
			);
			sourceTree = "<group>";
		};
		43E7056C1CF5EB9F003E4756 /* Products */ = {
			isa = PBXGroup;
			children = (
				43E7056B1CF5EB9F003E4756 /* KornerstoneIO.app */,
			);
			name = Products;
			sourceTree = "<group>";
		};
		43E7056D1CF5EB9F003E4756 /* KornerstoneIO */ = {
			isa = PBXGroup;
			children = (
				43E705711CF5EB9F003E4756 /* AppDelegate.h */,
				43E705721CF5EB9F003E4756 /* AppDelegate.m */,
				43E705741CF5EB9F003E4756 /* ViewController.h */,
				43E705751CF5EB9F003E4756 /* ViewController.m */,
				C6DE7EF31CF5EEE700BF493A /* ShoppingList.h */,
				C6DE7EF41CF5EEE700BF493A /* ShoppingList.m */,
				43E705771CF5EB9F003E4756 /* Main.storyboard */,
				43E7057A1CF5EB9F003E4756 /* Assets.xcassets */,
				43E7057C1CF5EB9F003E4756 /* LaunchScreen.storyboard */,
				43E7057F1CF5EB9F003E4756 /* Info.plist */,
				43E7056E1CF5EB9F003E4756 /* Supporting Files */,
			);
			path = KornerstoneIO;
			sourceTree = "<group>";
		};
		43E7056E1CF5EB9F003E4756 /* Supporting Files */ = {
			isa = PBXGroup;
			children = (
				43E7056F1CF5EB9F003E4756 /* main.m */,
			);
			name = "Supporting Files";
			sourceTree = "<group>";
		};
/* End PBXGroup section */

/* Begin PBXNativeTarget section */
		43E7056A1CF5EB9F003E4756 /* KornerstoneIO */ = {
			isa = PBXNativeTarget;
			buildConfigurationList = 43E705821CF5EB9F003E4756 /* Build configuration list for PBXNativeTarget "KornerstoneIO" */;
			buildPhases = (
				43E705671CF5EB9F003E4756 /* Sources */,
				43E705681CF5EB9F003E4756 /* Frameworks */,
				43E705691CF5EB9F003E4756 /* Resources */,
			);
			buildRules = (
			);
			dependencies = (
			);
			name = KornerstoneIO;
			productName = KornerstoneIO;
			productReference = 43E7056B1CF5EB9F003E4756 /* KornerstoneIO.app */;
			productType = "com.apple.product-type.application";
		};
/* End PBXNativeTarget section */

/* Begin PBXProject section */
		43E705631CF5EB9F003E4756 /* Project object */ = {
			isa = PBXProject;
			attributes = {
				LastUpgradeCheck = 0730;
				ORGANIZATIONNAME = DetroitLabs;
				TargetAttributes = {
					43E7056A1CF5EB9F003E4756 = {
						CreatedOnToolsVersion = 7.3.1;
					};
				};
			};
			buildConfigurationList = 43E705661CF5EB9F003E4756 /* Build configuration list for PBXProject "KornerstoneIO" */;
			compatibilityVersion = "Xcode 3.2";
			developmentRegion = English;
			hasScannedForEncodings = 0;
			knownRegions = (
				en,
				Base,
			);
			mainGroup = 43E705621CF5EB9F003E4756;
			productRefGroup = 43E7056C1CF5EB9F003E4756 /* Products */;
			projectDirPath = "";
			projectRoot = "";
			targets = (
				43E7056A1CF5EB9F003E4756 /* KornerstoneIO */,
			);
		};
/* End PBXProject section */

/* Begin PBXResourcesBuildPhase section */
		43E705691CF5EB9F003E4756 /* Resources */ = {
			isa = PBXResourcesBuildPhase;
			buildActionMask = 2147483647;
			files = (
				43E7057E1CF5EB9F003E4756 /* LaunchScreen.storyboard in Resources */,
				43E7057B1CF5EB9F003E4756 /* Assets.xcassets in Resources */,
				43E705791CF5EB9F003E4756 /* Main.storyboard in Resources */,
			);
			runOnlyForDeploymentPostprocessing = 0;
		};
/* End PBXResourcesBuildPhase section */

/* Begin PBXSourcesBuildPhase section */
		43E705671CF5EB9F003E4756 /* Sources */ = {
			isa = PBXSourcesBuildPhase;
			buildActionMask = 2147483647;
			files = (
				43E705761CF5EB9F003E4756 /* ViewController.m in Sources */,
				C6DE7EF51CF5EEE700BF493A /* ShoppingList.m in Sources */,
				43E705731CF5EB9F003E4756 /* AppDelegate.m in Sources */,
				43E705701CF5EB9F003E4756 /* main.m in Sources */,
			);
			runOnlyForDeploymentPostprocessing = 0;
		};
/* End PBXSourcesBuildPhase section */

/* Begin PBXVariantGroup section */
		43E705771CF5EB9F003E4756 /* Main.storyboard */ = {
			isa = PBXVariantGroup;
			children = (
				43E705781CF5EB9F003E4756 /* Base */,
			);
			name = Main.storyboard;
			sourceTree = "<group>";
		};
		43E7057C1CF5EB9F003E4756 /* LaunchScreen.storyboard */ = {
			isa = PBXVariantGroup;
			children = (
				43E7057D1CF5EB9F003E4756 /* Base */,
			);
			name = LaunchScreen.storyboard;
			sourceTree = "<group>";
		};
/* End PBXVariantGroup section */

/* Begin XCBuildConfiguration section */
		43E705801CF5EB9F003E4756 /* Debug */ = {
			isa = XCBuildConfiguration;
			buildSettings = {
				ALWAYS_SEARCH_USER_PATHS = NO;
				CLANG_ANALYZER_NONNULL = YES;
				CLANG_CXX_LANGUAGE_STANDARD = "gnu++0x";
				CLANG_CXX_LIBRARY = "libc++";
				CLANG_ENABLE_MODULES = YES;
				CLANG_ENABLE_OBJC_ARC = YES;
				CLANG_WARN_BOOL_CONVERSION = YES;
				CLANG_WARN_CONSTANT_CONVERSION = YES;
				CLANG_WARN_DIRECT_OBJC_ISA_USAGE = YES_ERROR;
				CLANG_WARN_EMPTY_BODY = YES;
				CLANG_WARN_ENUM_CONVERSION = YES;
				CLANG_WARN_INT_CONVERSION = YES;
				CLANG_WARN_OBJC_ROOT_CLASS = YES_ERROR;
				CLANG_WARN_UNREACHABLE_CODE = YES;
				CLANG_WARN__DUPLICATE_METHOD_MATCH = YES;
				"CODE_SIGN_IDENTITY[sdk=iphoneos*]" = "iPhone Developer";
				COPY_PHASE_STRIP = NO;
				DEBUG_INFORMATION_FORMAT = dwarf;
				ENABLE_STRICT_OBJC_MSGSEND = YES;
				ENABLE_TESTABILITY = YES;
				GCC_C_LANGUAGE_STANDARD = gnu99;
				GCC_DYNAMIC_NO_PIC = NO;
				GCC_NO_COMMON_BLOCKS = YES;
				GCC_OPTIMIZATION_LEVEL = 0;
				GCC_PREPROCESSOR_DEFINITIONS = (
					"DEBUG=1",
					"$(inherited)",
				);
				GCC_WARN_64_TO_32_BIT_CONVERSION = YES;
				GCC_WARN_ABOUT_RETURN_TYPE = YES_ERROR;
				GCC_WARN_UNDECLARED_SELECTOR = YES;
				GCC_WARN_UNINITIALIZED_AUTOS = YES_AGGRESSIVE;
				GCC_WARN_UNUSED_FUNCTION = YES;
				GCC_WARN_UNUSED_VARIABLE = YES;
				IPHONEOS_DEPLOYMENT_TARGET = 9.3;
				MTL_ENABLE_DEBUG_INFO = YES;
				ONLY_ACTIVE_ARCH = YES;
				SDKROOT = iphoneos;
			};
			name = Debug;
		};
		43E705811CF5EB9F003E4756 /* Release */ = {
			isa = XCBuildConfiguration;
			buildSettings = {
				ALWAYS_SEARCH_USER_PATHS = NO;
				CLANG_ANALYZER_NONNULL = YES;
				CLANG_CXX_LANGUAGE_STANDARD = "gnu++0x";
				CLANG_CXX_LIBRARY = "libc++";
				CLANG_ENABLE_MODULES = YES;
				CLANG_ENABLE_OBJC_ARC = YES;
				CLANG_WARN_BOOL_CONVERSION = YES;
				CLANG_WARN_CONSTANT_CONVERSION = YES;
				CLANG_WARN_DIRECT_OBJC_ISA_USAGE = YES_ERROR;
				CLANG_WARN_EMPTY_BODY = YES;
				CLANG_WARN_ENUM_CONVERSION = YES;
				CLANG_WARN_INT_CONVERSION = YES;
				CLANG_WARN_OBJC_ROOT_CLASS = YES_ERROR;
				CLANG_WARN_UNREACHABLE_CODE = YES;
				CLANG_WARN__DUPLICATE_METHOD_MATCH = YES;
				"CODE_SIGN_IDENTITY[sdk=iphoneos*]" = "iPhone Developer";
				COPY_PHASE_STRIP = NO;
				DEBUG_INFORMATION_FORMAT = "dwarf-with-dsym";
				ENABLE_NS_ASSERTIONS = NO;
				ENABLE_STRICT_OBJC_MSGSEND = YES;
				GCC_C_LANGUAGE_STANDARD = gnu99;
				GCC_NO_COMMON_BLOCKS = YES;
				GCC_WARN_64_TO_32_BIT_CONVERSION = YES;
				GCC_WARN_ABOUT_RETURN_TYPE = YES_ERROR;
				GCC_WARN_UNDECLARED_SELECTOR = YES;
				GCC_WARN_UNINITIALIZED_AUTOS = YES_AGGRESSIVE;
				GCC_WARN_UNUSED_FUNCTION = YES;
				GCC_WARN_UNUSED_VARIABLE = YES;
				IPHONEOS_DEPLOYMENT_TARGET = 9.3;
				MTL_ENABLE_DEBUG_INFO = NO;
				SDKROOT = iphoneos;
				VALIDATE_PRODUCT = YES;
			};
			name = Release;
		};
		43E705831CF5EB9F003E4756 /* Debug */ = {
			isa = XCBuildConfiguration;
			buildSettings = {
				ASSETCATALOG_COMPILER_APPICON_NAME = AppIcon;
				INFOPLIST_FILE = KornerstoneIO/Info.plist;
				LD_RUNPATH_SEARCH_PATHS = "$(inherited) @executable_path/Frameworks";
				PRODUCT_BUNDLE_IDENTIFIER = com.detroitlabs.KornerstoneIO;
				PRODUCT_NAME = "$(TARGET_NAME)";
			};
			name = Debug;
		};
		43E705841CF5EB9F003E4756 /* Release */ = {
			isa = XCBuildConfiguration;
			buildSettings = {
				ASSETCATALOG_COMPILER_APPICON_NAME = AppIcon;
				INFOPLIST_FILE = KornerstoneIO/Info.plist;
				LD_RUNPATH_SEARCH_PATHS = "$(inherited) @executable_path/Frameworks";
				PRODUCT_BUNDLE_IDENTIFIER = com.detroitlabs.KornerstoneIO;
				PRODUCT_NAME = "$(TARGET_NAME)";
			};
			name = Release;
		};
/* End XCBuildConfiguration section */

/* Begin XCConfigurationList section */
		43E705661CF5EB9F003E4756 /* Build configuration list for PBXProject "KornerstoneIO" */ = {
			isa = XCConfigurationList;
			buildConfigurations = (
				43E705801CF5EB9F003E4756 /* Debug */,
				43E705811CF5EB9F003E4756 /* Release */,
			);
			defaultConfigurationIsVisible = 0;
			defaultConfigurationName = Release;
		};
		43E705821CF5EB9F003E4756 /* Build configuration list for PBXNativeTarget "KornerstoneIO" */ = {
			isa = XCConfigurationList;
			buildConfigurations = (
				43E705831CF5EB9F003E4756 /* Debug */,
				43E705841CF5EB9F003E4756 /* Release */,
			);
			defaultConfigurationIsVisible = 0;
			defaultConfigurationName = Release;
		};
/* End XCConfigurationList section */
	};
	rootObject = 43E705631CF5EB9F003E4756 /* Project object */;
}
